
Microsoft Visual Studio Solution File, Format Version 12.00
# Visual Studio Version 16
VisualStudioVersion = 16.0.30804.86
MinimumVisualStudioVersion = 10.0.40219.1
Project("{2150E333-8FDC-42A3-9474-1A3956D46DE8}") = "Services", "Services", "{775BAC96-8377-4AFE-AB44-A784D7406F1A}"
EndProject
Project("{2150E333-8FDC-42A3-9474-1A3956D46DE8}") = "Gateway", "Gateway", "{C6B9DB7B-A799-4C3C-845E-84459DFFD60C}"
EndProject
Project("{9A19103F-16F7-4668-BE54-9A1E7A4F7556}") = "Gateway.API", "src\Gateway\Gateway.API\Gateway.API.csproj", "{BA0063BC-98C9-4DE1-A2D1-5A176014ABB1}"
EndProject
Project("{2150E333-8FDC-42A3-9474-1A3956D46DE8}") = "Common", "Common", "{158A3F16-C5CF-423A-A94C-A86975145CCB}"
EndProject
Project("{2150E333-8FDC-42A3-9474-1A3956D46DE8}") = "Identity", "Identity", "{462E3669-B63E-4506-95CB-083B1DDBDD52}"
EndProject
Project("{9A19103F-16F7-4668-BE54-9A1E7A4F7556}") = "Identity.API", "src\Services\Identity\Identity.API\Identity.API.csproj", "{3224FCB5-713D-4383-89FB-F2800D5DD771}"
EndProject
Project("{9A19103F-16F7-4668-BE54-9A1E7A4F7556}") = "Identity.Data", "src\Services\Identity\Identity.Data\Identity.Data.csproj", "{0AD7D562-5CB7-49A6-93AE-9E6C66B2821B}"
EndProject
Project("{9A19103F-16F7-4668-BE54-9A1E7A4F7556}") = "Identity.Services", "src\Services\Identity\Identity.Services\Identity.Services.csproj", "{6FEA4E01-9248-4B07-AC82-2BEC8631AA1B}"
EndProject
Project("{9A19103F-16F7-4668-BE54-9A1E7A4F7556}") = "Identity.Tests", "src\Services\Identity\Identity.Tests\Identity.Tests.csproj", "{A797502C-CF69-4C0A-AAE0-32EE9FE3B1F8}"
EndProject
Project("{2150E333-8FDC-42A3-9474-1A3956D46DE8}") = "Notifications", "Notifications", "{1EEFD456-15ED-4576-AED2-30C4B78A6068}"
EndProject
Project("{9A19103F-16F7-4668-BE54-9A1E7A4F7556}") = "Notifications.API", "src\Services\Notifications\Notifications.API\Notifications.API.csproj", "{681456E1-B4E5-453F-85B2-876EC9E490F6}"
EndProject
Project("{2150E333-8FDC-42A3-9474-1A3956D46DE8}") = "Solution Items", "Solution Items", "{959DC668-8F7D-4F37-9853-CFA8D47DB2C3}"
	ProjectSection(SolutionItems) = preProject
		.env = .env
	EndProjectSection
EndProject
Project("{9A19103F-16F7-4668-BE54-9A1E7A4F7556}") = "Notifications.Services", "src\Services\Notifications\Notifications.Services\Notifications.Services.csproj", "{82E524AF-3D96-4238-8E2F-A88A55EB84D7}"
EndProject
Project("{9A19103F-16F7-4668-BE54-9A1E7A4F7556}") = "Notifications.Tests", "src\Services\Notifications\Notifications.Tests\Notifications.Tests.csproj", "{F5E4E239-60FC-47D1-BBAF-4F92B56EFE31}"
EndProject
Project("{9A19103F-16F7-4668-BE54-9A1E7A4F7556}") = "Core", "src\Common\Core\Core.csproj", "{BD6EE9CA-A41A-4900-AFBC-651820F4CB8C}"
EndProject
Project("{E53339B2-1760-4266-BCC7-CA923CBCF16C}") = "Local", "Local.dcproj", "{4EF4EA05-016F-4B6E-AC79-4F023490D3D1}"
EndProject
Global
	GlobalSection(SolutionConfigurationPlatforms) = preSolution
		Debug|Any CPU = Debug|Any CPU
		Debug|x64 = Debug|x64
		Release|Any CPU = Release|Any CPU
		Release|x64 = Release|x64
	EndGlobalSection
	GlobalSection(ProjectConfigurationPlatforms) = postSolution
		{BA0063BC-98C9-4DE1-A2D1-5A176014ABB1}.Debug|Any CPU.ActiveCfg = Debug|Any CPU
		{BA0063BC-98C9-4DE1-A2D1-5A176014ABB1}.Debug|Any CPU.Build.0 = Debug|Any CPU
		{BA0063BC-98C9-4DE1-A2D1-5A176014ABB1}.Debug|x64.ActiveCfg = Debug|Any CPU
		{BA0063BC-98C9-4DE1-A2D1-5A176014ABB1}.Debug|x64.Build.0 = Debug|Any CPU
		{BA0063BC-98C9-4DE1-A2D1-5A176014ABB1}.Release|Any CPU.ActiveCfg = Release|Any CPU
		{BA0063BC-98C9-4DE1-A2D1-5A176014ABB1}.Release|Any CPU.Build.0 = Release|Any CPU
		{BA0063BC-98C9-4DE1-A2D1-5A176014ABB1}.Release|x64.ActiveCfg = Release|Any CPU
		{BA0063BC-98C9-4DE1-A2D1-5A176014ABB1}.Release|x64.Build.0 = Release|Any CPU
		{3224FCB5-713D-4383-89FB-F2800D5DD771}.Debug|Any CPU.ActiveCfg = Debug|Any CPU
		{3224FCB5-713D-4383-89FB-F2800D5DD771}.Debug|Any CPU.Build.0 = Debug|Any CPU
		{3224FCB5-713D-4383-89FB-F2800D5DD771}.Debug|x64.ActiveCfg = Debug|Any CPU
		{3224FCB5-713D-4383-89FB-F2800D5DD771}.Debug|x64.Build.0 = Debug|Any CPU
		{3224FCB5-713D-4383-89FB-F2800D5DD771}.Release|Any CPU.ActiveCfg = Release|Any CPU
		{3224FCB5-713D-4383-89FB-F2800D5DD771}.Release|Any CPU.Build.0 = Release|Any CPU
		{3224FCB5-713D-4383-89FB-F2800D5DD771}.Release|x64.ActiveCfg = Release|Any CPU
		{3224FCB5-713D-4383-89FB-F2800D5DD771}.Release|x64.Build.0 = Release|Any CPU
		{0AD7D562-5CB7-49A6-93AE-9E6C66B2821B}.Debug|Any CPU.ActiveCfg = Debug|Any CPU
		{0AD7D562-5CB7-49A6-93AE-9E6C66B2821B}.Debug|Any CPU.Build.0 = Debug|Any CPU
		{0AD7D562-5CB7-49A6-93AE-9E6C66B2821B}.Debug|x64.ActiveCfg = Debug|Any CPU
		{0AD7D562-5CB7-49A6-93AE-9E6C66B2821B}.Debug|x64.Build.0 = Debug|Any CPU
		{0AD7D562-5CB7-49A6-93AE-9E6C66B2821B}.Release|Any CPU.ActiveCfg = Release|Any CPU
		{0AD7D562-5CB7-49A6-93AE-9E6C66B2821B}.Release|Any CPU.Build.0 = Release|Any CPU
		{0AD7D562-5CB7-49A6-93AE-9E6C66B2821B}.Release|x64.ActiveCfg = Release|Any CPU
		{0AD7D562-5CB7-49A6-93AE-9E6C66B2821B}.Release|x64.Build.0 = Release|Any CPU
		{6FEA4E01-9248-4B07-AC82-2BEC8631AA1B}.Debug|Any CPU.ActiveCfg = Debug|Any CPU
		{6FEA4E01-9248-4B07-AC82-2BEC8631AA1B}.Debug|Any CPU.Build.0 = Debug|Any CPU
		{6FEA4E01-9248-4B07-AC82-2BEC8631AA1B}.Debug|x64.ActiveCfg = Debug|Any CPU
		{6FEA4E01-9248-4B07-AC82-2BEC8631AA1B}.Debug|x64.Build.0 = Debug|Any CPU
		{6FEA4E01-9248-4B07-AC82-2BEC8631AA1B}.Release|Any CPU.ActiveCfg = Release|Any CPU
		{6FEA4E01-9248-4B07-AC82-2BEC8631AA1B}.Release|Any CPU.Build.0 = Release|Any CPU
		{6FEA4E01-9248-4B07-AC82-2BEC8631AA1B}.Release|x64.ActiveCfg = Release|Any CPU
		{6FEA4E01-9248-4B07-AC82-2BEC8631AA1B}.Release|x64.Build.0 = Release|Any CPU
		{A797502C-CF69-4C0A-AAE0-32EE9FE3B1F8}.Debug|Any CPU.ActiveCfg = Debug|Any CPU
		{A797502C-CF69-4C0A-AAE0-32EE9FE3B1F8}.Debug|Any CPU.Build.0 = Debug|Any CPU
		{A797502C-CF69-4C0A-AAE0-32EE9FE3B1F8}.Debug|x64.ActiveCfg = Debug|Any CPU
		{A797502C-CF69-4C0A-AAE0-32EE9FE3B1F8}.Debug|x64.Build.0 = Debug|Any CPU
		{A797502C-CF69-4C0A-AAE0-32EE9FE3B1F8}.Release|Any CPU.ActiveCfg = Release|Any CPU
		{A797502C-CF69-4C0A-AAE0-32EE9FE3B1F8}.Release|Any CPU.Build.0 = Release|Any CPU
		{A797502C-CF69-4C0A-AAE0-32EE9FE3B1F8}.Release|x64.ActiveCfg = Release|Any CPU
		{A797502C-CF69-4C0A-AAE0-32EE9FE3B1F8}.Release|x64.Build.0 = Release|Any CPU
		{681456E1-B4E5-453F-85B2-876EC9E490F6}.Debug|Any CPU.ActiveCfg = Debug|Any CPU
		{681456E1-B4E5-453F-85B2-876EC9E490F6}.Debug|Any CPU.Build.0 = Debug|Any CPU
		{681456E1-B4E5-453F-85B2-876EC9E490F6}.Debug|x64.ActiveCfg = Debug|Any CPU
		{681456E1-B4E5-453F-85B2-876EC9E490F6}.Debug|x64.Build.0 = Debug|Any CPU
		{681456E1-B4E5-453F-85B2-876EC9E490F6}.Release|Any CPU.ActiveCfg = Release|Any CPU
		{681456E1-B4E5-453F-85B2-876EC9E490F6}.Release|Any CPU.Build.0 = Release|Any CPU
		{681456E1-B4E5-453F-85B2-876EC9E490F6}.Release|x64.ActiveCfg = Release|Any CPU
		{681456E1-B4E5-453F-85B2-876EC9E490F6}.Release|x64.Build.0 = Release|Any CPU
		{82E524AF-3D96-4238-8E2F-A88A55EB84D7}.Debug|Any CPU.ActiveCfg = Debug|Any CPU
		{82E524AF-3D96-4238-8E2F-A88A55EB84D7}.Debug|Any CPU.Build.0 = Debug|Any CPU
		{82E524AF-3D96-4238-8E2F-A88A55EB84D7}.Debug|x64.ActiveCfg = Debug|Any CPU
		{82E524AF-3D96-4238-8E2F-A88A55EB84D7}.Debug|x64.Build.0 = Debug|Any CPU
		{82E524AF-3D96-4238-8E2F-A88A55EB84D7}.Release|Any CPU.ActiveCfg = Release|Any CPU
		{82E524AF-3D96-4238-8E2F-A88A55EB84D7}.Release|Any CPU.Build.0 = Release|Any CPU
		{82E524AF-3D96-4238-8E2F-A88A55EB84D7}.Release|x64.ActiveCfg = Release|Any CPU
		{82E524AF-3D96-4238-8E2F-A88A55EB84D7}.Release|x64.Build.0 = Release|Any CPU
		{F5E4E239-60FC-47D1-BBAF-4F92B56EFE31}.Debug|Any CPU.ActiveCfg = Debug|Any CPU
		{F5E4E239-60FC-47D1-BBAF-4F92B56EFE31}.Debug|Any CPU.Build.0 = Debug|Any CPU
		{F5E4E239-60FC-47D1-BBAF-4F92B56EFE31}.Debug|x64.ActiveCfg = Debug|Any CPU
		{F5E4E239-60FC-47D1-BBAF-4F92B56EFE31}.Debug|x64.Build.0 = Debug|Any CPU
		{F5E4E239-60FC-47D1-BBAF-4F92B56EFE31}.Release|Any CPU.ActiveCfg = Release|Any CPU
		{F5E4E239-60FC-47D1-BBAF-4F92B56EFE31}.Release|Any CPU.Build.0 = Release|Any CPU
		{F5E4E239-60FC-47D1-BBAF-4F92B56EFE31}.Release|x64.ActiveCfg = Release|Any CPU
		{F5E4E239-60FC-47D1-BBAF-4F92B56EFE31}.Release|x64.Build.0 = Release|Any CPU
		{BD6EE9CA-A41A-4900-AFBC-651820F4CB8C}.Debug|Any CPU.ActiveCfg = Debug|Any CPU
		{BD6EE9CA-A41A-4900-AFBC-651820F4CB8C}.Debug|Any CPU.Build.0 = Debug|Any CPU
		{BD6EE9CA-A41A-4900-AFBC-651820F4CB8C}.Debug|x64.ActiveCfg = Debug|Any CPU
		{BD6EE9CA-A41A-4900-AFBC-651820F4CB8C}.Debug|x64.Build.0 = Debug|Any CPU
		{BD6EE9CA-A41A-4900-AFBC-651820F4CB8C}.Release|Any CPU.ActiveCfg = Release|Any CPU
		{BD6EE9CA-A41A-4900-AFBC-651820F4CB8C}.Release|Any CPU.Build.0 = Release|Any CPU
		{BD6EE9CA-A41A-4900-AFBC-651820F4CB8C}.Release|x64.ActiveCfg = Release|Any CPU
		{BD6EE9CA-A41A-4900-AFBC-651820F4CB8C}.Release|x64.Build.0 = Release|Any CPU
		{4EF4EA05-016F-4B6E-AC79-4F023490D3D1}.Debug|Any CPU.ActiveCfg = Debug|Any CPU
		{4EF4EA05-016F-4B6E-AC79-4F023490D3D1}.Debug|Any CPU.Build.0 = Debug|Any CPU
		{4EF4EA05-016F-4B6E-AC79-4F023490D3D1}.Debug|x64.ActiveCfg = Debug|Any CPU
		{4EF4EA05-016F-4B6E-AC79-4F023490D3D1}.Debug|x64.Build.0 = Debug|Any CPU
		{4EF4EA05-016F-4B6E-AC79-4F023490D3D1}.Release|Any CPU.ActiveCfg = Release|Any CPU
		{4EF4EA05-016F-4B6E-AC79-4F023490D3D1}.Release|Any CPU.Build.0 = Release|Any CPU
		{4EF4EA05-016F-4B6E-AC79-4F023490D3D1}.Release|x64.ActiveCfg = Release|Any CPU
		{4EF4EA05-016F-4B6E-AC79-4F023490D3D1}.Release|x64.Build.0 = Release|Any CPU
	EndGlobalSection
	GlobalSection(SolutionProperties) = preSolution
		HideSolutionNode = FALSE
	EndGlobalSection
	GlobalSection(NestedProjects) = preSolution
		{BA0063BC-98C9-4DE1-A2D1-5A176014ABB1} = {C6B9DB7B-A799-4C3C-845E-84459DFFD60C}
		{462E3669-B63E-4506-95CB-083B1DDBDD52} = {775BAC96-8377-4AFE-AB44-A784D7406F1A}
		{3224FCB5-713D-4383-89FB-F2800D5DD771} = {462E3669-B63E-4506-95CB-083B1DDBDD52}
		{0AD7D562-5CB7-49A6-93AE-9E6C66B2821B} = {462E3669-B63E-4506-95CB-083B1DDBDD52}
		{6FEA4E01-9248-4B07-AC82-2BEC8631AA1B} = {462E3669-B63E-4506-95CB-083B1DDBDD52}
		{A797502C-CF69-4C0A-AAE0-32EE9FE3B1F8} = {462E3669-B63E-4506-95CB-083B1DDBDD52}
		{1EEFD456-15ED-4576-AED2-30C4B78A6068} = {775BAC96-8377-4AFE-AB44-A784D7406F1A}
		{681456E1-B4E5-453F-85B2-876EC9E490F6} = {1EEFD456-15ED-4576-AED2-30C4B78A6068}
		{82E524AF-3D96-4238-8E2F-A88A55EB84D7} = {1EEFD456-15ED-4576-AED2-30C4B78A6068}
		{F5E4E239-60FC-47D1-BBAF-4F92B56EFE31} = {1EEFD456-15ED-4576-AED2-30C4B78A6068}
		{BD6EE9CA-A41A-4900-AFBC-651820F4CB8C} = {158A3F16-C5CF-423A-A94C-A86975145CCB}
	EndGlobalSection
	GlobalSection(ExtensibilityGlobals) = postSolution
		SolutionGuid = {A94867A6-3DDF-420B-804D-6A3E96135FC9}
	EndGlobalSection
EndGlobal
